
Microsoft Visual Studio Solution File, Format Version 12.00
# Visual Studio Version 17
VisualStudioVersion = 17.5.002.0
MinimumVisualStudioVersion = 10.0.40219.1
Project("{9A19103F-16F7-4668-BE54-9A1E7A4F7556}") = "Test", "Test.csproj", "{AC6FA0F0-2FFD-4B57-9B03-AAF95C8FA93F}"
EndProject
Global
	GlobalSection(SolutionConfigurationPlatforms) = preSolution
		Debug|Any CPU = Debug|Any CPU
		Release|Any CPU = Release|Any CPU
	EndGlobalSection
	GlobalSection(ProjectConfigurationPlatforms) = postSolution
		{AC6FA0F0-2FFD-4B57-9B03-AAF95C8FA93F}.Debug|Any CPU.ActiveCfg = Debug|Any CPU
		{AC6FA0F0-2FFD-4B57-9B03-AAF95C8FA93F}.Debug|Any CPU.Build.0 = Debug|Any CPU
		{AC6FA0F0-2FFD-4B57-9B03-AAF95C8FA93F}.Release|Any CPU.ActiveCfg = Release|Any CPU
		{AC6FA0F0-2FFD-4B57-9B03-AAF95C8FA93F}.Release|Any CPU.Build.0 = Release|Any CPU
	EndGlobalSection
	GlobalSection(SolutionProperties) = preSolution
		HideSolutionNode = FALSE
	EndGlobalSection
	GlobalSection(ExtensibilityGlobals) = postSolution
		SolutionGuid = {B517430B-67D2-48DF-BB49-183F3B903E62}
	EndGlobalSection
EndGlobal
